
Microsoft Visual Studio Solution File, Format Version 12.00
# Visual Studio Version 17
VisualStudioVersion = 17.5.002.0
MinimumVisualStudioVersion = 10.0.40219.1
Project("{9A19103F-16F7-4668-BE54-9A1E7A4F7556}") = "SunAndMoonServer", "SunAndMoonServer\SunAndMoonServer.csproj", "{74FB795D-D397-4822-B8CE-406F09E7788C}"
EndProject
Global
	GlobalSection(SolutionConfigurationPlatforms) = preSolution
		Debug|Any CPU = Debug|Any CPU
		Release|Any CPU = Release|Any CPU
	EndGlobalSection
	GlobalSection(ProjectConfigurationPlatforms) = postSolution
		{74FB795D-D397-4822-B8CE-406F09E7788C}.Debug|Any CPU.ActiveCfg = Debug|Any CPU
		{74FB795D-D397-4822-B8CE-406F09E7788C}.Debug|Any CPU.Build.0 = Debug|Any CPU
		{74FB795D-D397-4822-B8CE-406F09E7788C}.Release|Any CPU.ActiveCfg = Release|Any CPU
		{74FB795D-D397-4822-B8CE-406F09E7788C}.Release|Any CPU.Build.0 = Release|Any CPU
	EndGlobalSection
	GlobalSection(SolutionProperties) = preSolution
		HideSolutionNode = FALSE
	EndGlobalSection
	GlobalSection(ExtensibilityGlobals) = postSolution
		SolutionGuid = {7925D5BA-6EBF-4831-937C-6E5EB8DA599A}
	EndGlobalSection
EndGlobal
