
Microsoft Visual Studio Solution File, Format Version 12.00
# Visual Studio Version 17
VisualStudioVersion = 17.5.002.0
MinimumVisualStudioVersion = 10.0.40219.1
Project("{9A19103F-16F7-4668-BE54-9A1E7A4F7556}") = "TodoApi", "TodoApi\TodoApi.csproj", "{AE22962B-5CB7-4E63-B33F-25AA0A400BB3}"
EndProject
Global
	GlobalSection(SolutionConfigurationPlatforms) = preSolution
		Debug|Any CPU = Debug|Any CPU
		Release|Any CPU = Release|Any CPU
	EndGlobalSection
	GlobalSection(ProjectConfigurationPlatforms) = postSolution
		{AE22962B-5CB7-4E63-B33F-25AA0A400BB3}.Debug|Any CPU.ActiveCfg = Debug|Any CPU
		{AE22962B-5CB7-4E63-B33F-25AA0A400BB3}.Debug|Any CPU.Build.0 = Debug|Any CPU
		{AE22962B-5CB7-4E63-B33F-25AA0A400BB3}.Release|Any CPU.ActiveCfg = Release|Any CPU
		{AE22962B-5CB7-4E63-B33F-25AA0A400BB3}.Release|Any CPU.Build.0 = Release|Any CPU
	EndGlobalSection
	GlobalSection(SolutionProperties) = preSolution
		HideSolutionNode = FALSE
	EndGlobalSection
	GlobalSection(ExtensibilityGlobals) = postSolution
		SolutionGuid = {2A8C061B-6F48-45DE-BFF2-C3D887DBFEEA}
	EndGlobalSection
EndGlobal
